{
	"name": "app",
	"version": "0.1.99",
	"lockfileVersion": 3,
	"requires": true,
	"packages": {
		"": {
			"name": "app",
			"version": "0.1.99",
			"dependencies": {
				"fuse.js": "^6.6.2",
				"i18next": "^23.4.4",
				"i18next-browser-languagedetector": "^7.1.0",
				"ramda": "^0.29.0",
				"react": "^18.2.0",
				"react-dom": "^18.2.0",
				"react-hotkeys-hook": "^3.4.7",
				"react-i18next": "^13.1.1",
				"react-icons": "^4.10.1",
				"react-split": "^2.0.14",
				"rxjs": "^7.8.1",
				"silkrouter": "^4.2.17",
				"validator": "^13.11.0",
				"web-vitals": "^3.0.3"
			},
			"devDependencies": {
				"@types/ramda": "^0.29.3",
				"@types/react": "^18.0.37",
				"@types/react-dom": "^18.0.11",
				"@types/validator": "^13.11.1",
				"@types/web": "^0.0.99",
				"bun-types": "canary",
				"react-refresh": "0.10.0",
				"typescript": "latest"
			}
		},
		"node_modules/@babel/runtime": {
			"version": "7.22.10",
			"resolved": "https://registry.npmjs.org/@babel/runtime/-/runtime-7.22.10.tgz",
			"integrity": "sha512-21t/fkKLMZI4pqP2wlmsQAWnYW1PDyKyyUV4vCi+B25ydmdaYTKXPwCj0BzSUnZf4seIiYvSA3jcZ3gdsMFkLQ==",
			"dependencies": {
				"regenerator-runtime": "^0.14.0"
			},
			"engines": {
				"node": ">=6.9.0"
			}
		},
		"node_modules/@types/prop-types": {
			"version": "15.7.5",
			"resolved": "https://registry.npmjs.org/@types/prop-types/-/prop-types-15.7.5.tgz",
			"integrity": "sha512-JCB8C6SnDoQf0cNycqd/35A7MjcnK+ZTqE7judS6o7utxUCg6imJg3QK2qzHKszlTjcj2cn+NwMB2i96ubpj7w==",
			"dev": true
		},
		"node_modules/@types/ramda": {
			"version": "0.29.3",
			"resolved": "https://registry.npmjs.org/@types/ramda/-/ramda-0.29.3.tgz",
			"integrity": "sha512-Yh/RHkjN0ru6LVhSQtTkCRo6HXkfL9trot/2elzM/yXLJmbLm2v6kJc8yftTnwv1zvUob6TEtqI2cYjdqG3U0Q==",
			"dev": true,
			"dependencies": {
				"types-ramda": "^0.29.4"
			}
		},
		"node_modules/@types/react": {
			"version": "18.2.20",
			"resolved": "https://registry.npmjs.org/@types/react/-/react-18.2.20.tgz",
			"integrity": "sha512-WKNtmsLWJM/3D5mG4U84cysVY31ivmyw85dE84fOCk5Hx78wezB/XEjVPWl2JTZ5FkEeaTJf+VgUAUn3PE7Isw==",
			"dev": true,
			"dependencies": {
				"@types/prop-types": "*",
				"@types/scheduler": "*",
				"csstype": "^3.0.2"
			}
		},
		"node_modules/@types/react-dom": {
			"version": "18.2.7",
			"resolved": "https://registry.npmjs.org/@types/react-dom/-/react-dom-18.2.7.tgz",
			"integrity": "sha512-GRaAEriuT4zp9N4p1i8BDBYmEyfo+xQ3yHjJU4eiK5NDa1RmUZG+unZABUTK4/Ox/M+GaHwb6Ow8rUITrtjszA==",
			"dev": true,
			"dependencies": {
				"@types/react": "*"
			}
		},
		"node_modules/@types/scheduler": {
			"version": "0.16.3",
			"resolved": "https://registry.npmjs.org/@types/scheduler/-/scheduler-0.16.3.tgz",
			"integrity": "sha512-5cJ8CB4yAx7BH1oMvdU0Jh9lrEXyPkar6F9G/ERswkCuvP4KQZfZkSjcMbAICCpQTN4OuZn8tz0HiKv9TGZgrQ==",
			"dev": true
		},
		"node_modules/@types/validator": {
			"version": "13.11.1",
			"resolved": "https://registry.npmjs.org/@types/validator/-/validator-13.11.1.tgz",
			"integrity": "sha512-d/MUkJYdOeKycmm75Arql4M5+UuXmf4cHdHKsyw1GcvnNgL6s77UkgSgJ8TE/rI5PYsnwYq5jkcWBLuN/MpQ1A==",
			"dev": true
		},
		"node_modules/@types/web": {
			"version": "0.0.99",
			"resolved": "https://registry.npmjs.org/@types/web/-/web-0.0.99.tgz",
			"integrity": "sha512-xMz3tOvtkZzc7RpQrDNiLe5sfMmP+fz8bOxHIZ/U8qXyvzDX4L4Ss1HCjor/O9DSelba+1iXK1VM7lruX28hiQ==",
			"dev": true
		},
		"node_modules/bun-types": {
			"version": "0.7.4-canary.20230810T200601",
			"resolved": "https://registry.npmjs.org/bun-types/-/bun-types-0.7.4-canary.20230810T200601.tgz",
			"integrity": "sha512-1YiSZUbthbrqw1jdlNgPwe0tdq88/ehBGHLyDF8//8ibgAAu5hKFjEEXwagO0xY1n/QuCcKcj4kL2vg7tNACbQ==",
			"dev": true
		},
		"node_modules/csstype": {
			"version": "3.1.2",
			"resolved": "https://registry.npmjs.org/csstype/-/csstype-3.1.2.tgz",
			"integrity": "sha512-I7K1Uu0MBPzaFKg4nI5Q7Vs2t+3gWWW648spaF+Rg7pI9ds18Ugn+lvg4SHczUdKlHI5LWBXyqfS8+DufyBsgQ==",
			"dev": true
		},
		"node_modules/deparam.js": {
			"version": "3.0.16",
			"resolved": "https://registry.npmjs.org/deparam.js/-/deparam.js-3.0.16.tgz",
			"integrity": "sha512-oYsFAFuKGWCqRyDcRf0xITqBnXv9nG071B+mIg4NMGUk3a7CNge/O6a0ow865X2n6UaKxdhDDqWk6XSdQgS/bg==",
			"dependencies": {
				"is-number": "^7.0.0",
				"is-object": "^1.0.2"
			}
		},
		"node_modules/fuse.js": {
			"version": "6.6.2",
			"resolved": "https://registry.npmjs.org/fuse.js/-/fuse.js-6.6.2.tgz",
			"integrity": "sha512-cJaJkxCCxC8qIIcPBF9yGxY0W/tVZS3uEISDxhYIdtk8OL93pe+6Zj7LjCqVV4dzbqcriOZ+kQ/NE4RXZHsIGA==",
			"engines": {
				"node": ">=10"
			}
		},
		"node_modules/hotkeys-js": {
			"version": "3.9.4",
			"resolved": "https://registry.npmjs.org/hotkeys-js/-/hotkeys-js-3.9.4.tgz",
			"integrity": "sha512-2zuLt85Ta+gIyvs4N88pCYskNrxf1TFv3LR9t5mdAZIX8BcgQQ48F2opUptvHa6m8zsy5v/a0i9mWzTrlNWU0Q=="
		},
		"node_modules/html-parse-stringify": {
			"version": "3.0.1",
			"resolved": "https://registry.npmjs.org/html-parse-stringify/-/html-parse-stringify-3.0.1.tgz",
			"integrity": "sha512-KknJ50kTInJ7qIScF3jeaFRpMpE8/lfiTdzf/twXyPBLAGrLRTmkz3AdTnKeh40X8k9L2fdYwEp/42WGXIRGcg==",
			"dependencies": {
				"void-elements": "3.1.0"
			}
		},
		"node_modules/i18next": {
			"version": "23.4.4",
			"resolved": "https://registry.npmjs.org/i18next/-/i18next-23.4.4.tgz",
			"integrity": "sha512-+c9B0txp/x1m5zn+QlwHaCS9vyFtmIAEXbVSFzwCX7vupm5V7va8F9cJGNJZ46X9ZtoGzhIiRC7eTIIh93TxPA==",
			"funding": [
				{
					"type": "individual",
					"url": "https://locize.com"
				},
				{
					"type": "individual",
					"url": "https://locize.com/i18next.html"
				},
				{
					"type": "individual",
					"url": "https://www.i18next.com/how-to/faq#i18next-is-awesome.-how-can-i-support-the-project"
				}
			],
			"dependencies": {
				"@babel/runtime": "^7.22.5"
			}
		},
		"node_modules/i18next-browser-languagedetector": {
			"version": "7.1.0",
			"resolved": "https://registry.npmjs.org/i18next-browser-languagedetector/-/i18next-browser-languagedetector-7.1.0.tgz",
			"integrity": "sha512-cr2k7u1XJJ4HTOjM9GyOMtbOA47RtUoWRAtt52z43r3AoMs2StYKyjS3URPhzHaf+mn10hY9dZWamga5WPQjhA==",
			"dependencies": {
				"@babel/runtime": "^7.19.4"
			}
		},
		"node_modules/is-number": {
			"version": "7.0.0",
			"resolved": "https://registry.npmjs.org/is-number/-/is-number-7.0.0.tgz",
			"integrity": "sha512-41Cifkg6e8TylSpdtTpeLVMqvSBEVzTttHvERD741+pnZ8ANv0004MRL43QKPDlK9cGvNp6NZWZUBlbGXYxxng==",
			"engines": {
				"node": ">=0.12.0"
			}
		},
		"node_modules/is-object": {
			"version": "1.0.2",
			"resolved": "https://registry.npmjs.org/is-object/-/is-object-1.0.2.tgz",
			"integrity": "sha512-2rRIahhZr2UWb45fIOuvZGpFtz0TyOZLf32KxBbSoUCeZR495zCKlWUKKUByk3geS2eAs7ZAABt0Y/Rx0GiQGA==",
			"funding": {
				"url": "https://github.com/sponsors/ljharb"
			}
		},
		"node_modules/js-tokens": {
			"version": "4.0.0",
			"resolved": "https://registry.npmjs.org/js-tokens/-/js-tokens-4.0.0.tgz",
			"integrity": "sha512-RdJUflcE3cUzKiMqQgsCu06FPu9UdIJO0beYbPhHN4k6apgJtifcoCtT9bcxOpYBtpD2kCM6Sbzg4CausW/PKQ=="
		},
		"node_modules/loose-envify": {
			"version": "1.4.0",
			"resolved": "https://registry.npmjs.org/loose-envify/-/loose-envify-1.4.0.tgz",
			"integrity": "sha512-lyuxPGr/Wfhrlem2CL/UcnUc1zcqKAImBDzukY7Y5F/yQiNdko6+fRLevlw1HgMySw7f611UIY408EtxRSoK3Q==",
			"dependencies": {
				"js-tokens": "^3.0.0 || ^4.0.0"
			},
			"bin": {
				"loose-envify": "cli.js"
			}
		},
		"node_modules/object-assign": {
			"version": "4.1.1",
			"resolved": "https://registry.npmjs.org/object-assign/-/object-assign-4.1.1.tgz",
			"integrity": "sha512-rJgTQnkUnH1sFw8yT6VSU3zD3sWmu6sZhIseY8VX+GRu3P6F7Fu+JNDoXfklElbLJSnc3FUQHVe4cU5hj+BcUg==",
			"engines": {
				"node": ">=0.10.0"
			}
		},
		"node_modules/prop-types": {
			"version": "15.8.1",
			"resolved": "https://registry.npmjs.org/prop-types/-/prop-types-15.8.1.tgz",
			"integrity": "sha512-oj87CgZICdulUohogVAR7AjlC0327U4el4L6eAvOqCeudMDVU0NThNaV+b9Df4dXgSP1gXMTnPdhfe/2qDH5cg==",
			"dependencies": {
				"loose-envify": "^1.4.0",
				"object-assign": "^4.1.1",
				"react-is": "^16.13.1"
			}
		},
		"node_modules/ramda": {
			"version": "0.29.0",
			"resolved": "https://registry.npmjs.org/ramda/-/ramda-0.29.0.tgz",
			"integrity": "sha512-BBea6L67bYLtdbOqfp8f58fPMqEwx0doL+pAi8TZyp2YWz8R9G8z9x75CZI8W+ftqhFHCpEX2cRnUUXK130iKA==",
			"funding": {
				"type": "opencollective",
				"url": "https://opencollective.com/ramda"
			}
		},
		"node_modules/react": {
			"version": "18.2.0",
			"resolved": "https://registry.npmjs.org/react/-/react-18.2.0.tgz",
			"integrity": "sha512-/3IjMdb2L9QbBdWiW5e3P2/npwMBaU9mHCSCUzNln0ZCYbcfTsGbTJrU/kGemdH2IWmB2ioZ+zkxtmq6g09fGQ==",
			"dependencies": {
				"loose-envify": "^1.1.0"
			},
			"engines": {
				"node": ">=0.10.0"
			}
		},
		"node_modules/react-dom": {
			"version": "18.2.0",
			"resolved": "https://registry.npmjs.org/react-dom/-/react-dom-18.2.0.tgz",
			"integrity": "sha512-6IMTriUmvsjHUjNtEDudZfuDQUoWXVxKHhlEGSk81n4YFS+r/Kl99wXiwlVXtPBtJenozv2P+hxDsw9eA7Xo6g==",
			"dependencies": {
				"loose-envify": "^1.1.0",
				"scheduler": "^0.23.0"
			},
			"peerDependencies": {
				"react": "^18.2.0"
			}
		},
		"node_modules/react-hotkeys-hook": {
			"version": "3.4.7",
			"resolved": "https://registry.npmjs.org/react-hotkeys-hook/-/react-hotkeys-hook-3.4.7.tgz",
			"integrity": "sha512-+bbPmhPAl6ns9VkXkNNyxlmCAIyDAcWbB76O4I0ntr3uWCRuIQf/aRLartUahe9chVMPj+OEzzfk3CQSjclUEQ==",
			"dependencies": {
				"hotkeys-js": "3.9.4"
			},
			"peerDependencies": {
				"react": ">=16.8.1",
				"react-dom": ">=16.8.1"
			}
		},
		"node_modules/react-i18next": {
			"version": "13.1.2",
			"resolved": "https://registry.npmjs.org/react-i18next/-/react-i18next-13.1.2.tgz",
			"integrity": "sha512-D/OJ/8ZQYscabsvbCAiOgvJq8W3feQF/VIV0to1w7V7UvrUE1IZ3hcalOckUYvKBd7BP3b8EPm+hop3J8sS+Mw==",
			"dependencies": {
				"@babel/runtime": "^7.22.5",
				"html-parse-stringify": "^3.0.1"
			},
			"peerDependencies": {
				"i18next": ">= 23.2.3",
				"react": ">= 16.8.0"
			},
			"peerDependenciesMeta": {
				"react-dom": {
					"optional": true
				},
				"react-native": {
					"optional": true
				}
			}
		},
		"node_modules/react-icons": {
			"version": "4.10.1",
			"resolved": "https://registry.npmjs.org/react-icons/-/react-icons-4.10.1.tgz",
			"integrity": "sha512-/ngzDP/77tlCfqthiiGNZeYFACw85fUjZtLbedmJ5DTlNDIwETxhwBzdOJ21zj4iJdvc0J3y7yOsX3PpxAJzrw==",
			"peerDependencies": {
				"react": "*"
			}
		},
		"node_modules/react-is": {
			"version": "16.13.1",
			"resolved": "https://registry.npmjs.org/react-is/-/react-is-16.13.1.tgz",
			"integrity": "sha512-24e6ynE2H+OKt4kqsOvNd8kBpV65zoxbA4BVsEOB3ARVWQki/DHzaUoC5KuON/BiccDaCCTZBuOcfZs70kR8bQ=="
		},
		"node_modules/react-refresh": {
			"version": "0.10.0",
			"resolved": "https://registry.npmjs.org/react-refresh/-/react-refresh-0.10.0.tgz",
			"integrity": "sha512-PgidR3wST3dDYKr6b4pJoqQFpPGNKDSCDx4cZoshjXipw3LzO7mG1My2pwEzz2JVkF+inx3xRpDeQLFQGH/hsQ==",
			"dev": true,
			"engines": {
				"node": ">=0.10.0"
			}
		},
		"node_modules/react-split": {
			"version": "2.0.14",
			"resolved": "https://registry.npmjs.org/react-split/-/react-split-2.0.14.tgz",
			"integrity": "sha512-bKWydgMgaKTg/2JGQnaJPg51T6dmumTWZppFgEbbY0Fbme0F5TuatAScCLaqommbGQQf/ZT1zaejuPDriscISA==",
			"dependencies": {
				"prop-types": "^15.5.7",
				"split.js": "^1.6.0"
			},
			"peerDependencies": {
				"react": "*"
			}
		},
		"node_modules/regenerator-runtime": {
			"version": "0.14.0",
			"resolved": "https://registry.npmjs.org/regenerator-runtime/-/regenerator-runtime-0.14.0.tgz",
			"integrity": "sha512-srw17NI0TUWHuGa5CFGGmhfNIeja30WMBfbslPNhf6JrqQlLN5gcrvig1oqPxiVaXb0oW0XRKtH6Nngs5lKCIA=="
		},
		"node_modules/rxjs": {
			"version": "7.8.1",
			"resolved": "https://registry.npmjs.org/rxjs/-/rxjs-7.8.1.tgz",
			"integrity": "sha512-AA3TVj+0A2iuIoQkWEK/tqFjBq2j+6PO6Y0zJcvzLAFhEFIO3HL0vls9hWLncZbAAbK0mar7oZ4V079I/qPMxg==",
			"dependencies": {
				"tslib": "^2.1.0"
			}
		},
		"node_modules/scheduler": {
			"version": "0.23.0",
			"resolved": "https://registry.npmjs.org/scheduler/-/scheduler-0.23.0.tgz",
			"integrity": "sha512-CtuThmgHNg7zIZWAXi3AsyIzA3n4xx7aNyjwC2VJldO2LMVDhFK+63xGqq6CsJH4rTAt6/M+N4GhZiDYPx9eUw==",
			"dependencies": {
				"loose-envify": "^1.1.0"
			}
		},
		"node_modules/silkrouter": {
			"version": "4.2.17",
			"resolved": "https://registry.npmjs.org/silkrouter/-/silkrouter-4.2.17.tgz",
			"integrity": "sha512-aqWBe1p1mB5pV0Pk2Ln0UrmIkvkXzyYsXdifenlvbML0fcvoht1no15GzlBDrrxYoFu4D+Ov7Ii64En55EvAcg==",
			"dependencies": {
				"deparam.js": "^3.0.6"
			},
			"peerDependencies": {
				"rxjs": "^7.8.0"
			}
		},
		"node_modules/split.js": {
			"version": "1.6.5",
			"resolved": "https://registry.npmjs.org/split.js/-/split.js-1.6.5.tgz",
			"integrity": "sha512-mPTnGCiS/RiuTNsVhCm9De9cCAUsrNFFviRbADdKiiV+Kk8HKp/0fWu7Kr8pi3/yBmsqLFHuXGT9UUZ+CNLwFw=="
		},
		"node_modules/ts-toolbelt": {
			"version": "9.6.0",
			"resolved": "https://registry.npmjs.org/ts-toolbelt/-/ts-toolbelt-9.6.0.tgz",
			"integrity": "sha512-nsZd8ZeNUzukXPlJmTBwUAuABDe/9qtVDelJeT/qW0ow3ZS3BsQJtNkan1802aM9Uf68/Y8ljw86Hu0h5IUW3w==",
			"dev": true
		},
		"node_modules/tslib": {
			"version": "2.6.1",
			"resolved": "https://registry.npmjs.org/tslib/-/tslib-2.6.1.tgz",
			"integrity": "sha512-t0hLfiEKfMUoqhG+U1oid7Pva4bbDPHYfJNiB7BiIjRkj1pyC++4N3huJfqY6aRH6VTB0rvtzQwjM4K6qpfOig=="
		},
		"node_modules/types-ramda": {
			"version": "0.29.4",
			"resolved": "https://registry.npmjs.org/types-ramda/-/types-ramda-0.29.4.tgz",
			"integrity": "sha512-XO/820iRsCDwqLjE8XE+b57cVGPyk1h+U9lBGpDWvbEky+NQChvHVwaKM05WnW1c5z3EVQh8NhXFmh2E/1YazQ==",
			"dev": true,
			"dependencies": {
				"ts-toolbelt": "^9.6.0"
			}
		},
		"node_modules/typescript": {
			"version": "5.1.6",
			"resolved": "https://registry.npmjs.org/typescript/-/typescript-5.1.6.tgz",
			"integrity": "sha512-zaWCozRZ6DLEWAWFrVDz1H6FVXzUSfTy5FUMWsQlU8Ym5JP9eO4xkTIROFCQvhQf61z6O/G6ugw3SgAnvvm+HA==",
			"dev": true,
			"bin": {
				"tsc": "bin/tsc",
				"tsserver": "bin/tsserver"
			},
			"engines": {
				"node": ">=14.17"
			}
		},
		"node_modules/validator": {
			"version": "13.11.0",
			"resolved": "https://registry.npmjs.org/validator/-/validator-13.11.0.tgz",
			"integrity": "sha512-Ii+sehpSfZy+At5nPdnyMhx78fEoPDkR2XW/zimHEL3MyGJQOCQ7WeP20jPYRz7ZCpcKLB21NxuXHF3bxjStBQ==",
			"engines": {
				"node": ">= 0.10"
			}
		},
		"node_modules/void-elements": {
			"version": "3.1.0",
			"resolved": "https://registry.npmjs.org/void-elements/-/void-elements-3.1.0.tgz",
			"integrity": "sha512-Dhxzh5HZuiHQhbvTW9AMetFfBHDMYpo23Uo9btPXgdYP+3T5S+p+jgNy7spra+veYhBP2dCSgxR/i2Y02h5/6w==",
			"engines": {
				"node": ">=0.10.0"
			}
		},
		"node_modules/web-vitals": {
			"version": "3.4.0",
			"resolved": "https://registry.npmjs.org/web-vitals/-/web-vitals-3.4.0.tgz",
			"integrity": "sha512-n9fZ5/bG1oeDkyxLWyep0eahrNcPDF6bFqoyispt7xkW0xhDzpUBTgyDKqWDi1twT0MgH4HvvqzpUyh0ZxZV4A=="
		}
	}
}
