{
	"name": "frontend-core",
	"version": "1.0.0",
	"lockfileVersion": 3,
	"requires": true,
	"packages": {
		"": {
			"name": "frontend-core",
			"version": "1.0.0",
			"license": "ISC",
			"dependencies": {
				"react": "^18.2.0",
				"react-icons": "^4.10.1",
				"rxjs": "^7.8.1"
			},
			"devDependencies": {
				"@lexical/markdown": "^0.12.2",
				"@types/react": "^18.2.20",
				"lexical": "^0.12.2"
			}
		},
		"node_modules/@lexical/clipboard": {
			"version": "0.12.2",
			"resolved": "https://registry.npmjs.org/@lexical/clipboard/-/clipboard-0.12.2.tgz",
			"integrity": "sha512-RldmfZquuJJJCJ5WquCyoJ1/eZ+AnNgdksqvd+G+Yn/GyJl/+O3dnHM0QVaDSPvh/PynLFcCtz/57ySLo2kQxQ==",
			"dev": true,
			"peer": true,
			"dependencies": {
				"@lexical/html": "0.12.2",
				"@lexical/list": "0.12.2",
				"@lexical/selection": "0.12.2",
				"@lexical/utils": "0.12.2"
			},
			"peerDependencies": {
				"lexical": "0.12.2"
			}
		},
		"node_modules/@lexical/code": {
			"version": "0.12.2",
			"resolved": "https://registry.npmjs.org/@lexical/code/-/code-0.12.2.tgz",
			"integrity": "sha512-w2JeJdnMUtYnC/Fx78sL3iJBt9Ug8pFSDOcI9ay/BkMQFQV8oqq1iyuLLBBJSG4FAM8b2DXrVdGklRQ+jTfTVw==",
			"dev": true,
			"dependencies": {
				"@lexical/utils": "0.12.2",
				"prismjs": "^1.27.0"
			},
			"peerDependencies": {
				"lexical": "0.12.2"
			}
		},
		"node_modules/@lexical/html": {
			"version": "0.12.2",
			"resolved": "https://registry.npmjs.org/@lexical/html/-/html-0.12.2.tgz",
			"integrity": "sha512-LWUO6OKhDtDZa9X1spHAqzsp+4EF01exis4cz5H9y2sHi7EofogXnRCadZ+fa07NVwPVTZWsStkk5qdSe/NEzg==",
			"dev": true,
			"peer": true,
			"dependencies": {
				"@lexical/selection": "0.12.2"
			},
			"peerDependencies": {
				"lexical": "0.12.2"
			}
		},
		"node_modules/@lexical/link": {
			"version": "0.12.2",
			"resolved": "https://registry.npmjs.org/@lexical/link/-/link-0.12.2.tgz",
			"integrity": "sha512-etOIONa7uyRDmwg8GN52kDlf8thD2Zk1LOFLeocHWz1V8fe3i2unGUek5s/rNPkc6ynpPpNsHdN1VEghOLCCmw==",
			"dev": true,
			"dependencies": {
				"@lexical/utils": "0.12.2"
			},
			"peerDependencies": {
				"lexical": "0.12.2"
			}
		},
		"node_modules/@lexical/list": {
			"version": "0.12.2",
			"resolved": "https://registry.npmjs.org/@lexical/list/-/list-0.12.2.tgz",
			"integrity": "sha512-3CyWtYQC+IlK4cK/oiD8Uz1gSXD8UcKGOF2vVsDXkMU06O6zvHNmHZOnVJqA0JVNgZAoR9dMR1fi2xd4iuCAiw==",
			"dev": true,
			"dependencies": {
				"@lexical/utils": "0.12.2"
			},
			"peerDependencies": {
				"lexical": "0.12.2"
			}
		},
		"node_modules/@lexical/markdown": {
			"version": "0.12.2",
			"resolved": "https://registry.npmjs.org/@lexical/markdown/-/markdown-0.12.2.tgz",
			"integrity": "sha512-F2jTFtBp7Q+yoA11BeUOEcxhROzW+HUhUGdsn20pSLhuxsWRj3oUuryWFeNKFofpzTCVoqU6dwpaMNMI2mL/sQ==",
			"dev": true,
			"dependencies": {
				"@lexical/code": "0.12.2",
				"@lexical/link": "0.12.2",
				"@lexical/list": "0.12.2",
				"@lexical/rich-text": "0.12.2",
				"@lexical/text": "0.12.2",
				"@lexical/utils": "0.12.2"
			},
			"peerDependencies": {
				"lexical": "0.12.2"
			}
		},
		"node_modules/@lexical/rich-text": {
			"version": "0.12.2",
			"resolved": "https://registry.npmjs.org/@lexical/rich-text/-/rich-text-0.12.2.tgz",
			"integrity": "sha512-igsEuv7CwBOAj5c8jeE41cnx6zkhI/Bkbu4W7shT6S6lNA/3cnyZpAMlgixwyK5RoqjGRCT+IJK5l6yBxQfNkw==",
			"dev": true,
			"peerDependencies": {
				"@lexical/clipboard": "0.12.2",
				"@lexical/selection": "0.12.2",
				"@lexical/utils": "0.12.2",
				"lexical": "0.12.2"
			}
		},
		"node_modules/@lexical/selection": {
			"version": "0.12.2",
			"resolved": "https://registry.npmjs.org/@lexical/selection/-/selection-0.12.2.tgz",
			"integrity": "sha512-h+g3oOnihHKIyLTyG6uLCEVR/DmUEVdCcZO1iAoGsuW7nwWiWNPWj6oZ3Cw5J1Mk5u62DHnkkVDQsVSZbAwmtg==",
			"dev": true,
			"peerDependencies": {
				"lexical": "0.12.2"
			}
		},
		"node_modules/@lexical/table": {
			"version": "0.12.2",
			"resolved": "https://registry.npmjs.org/@lexical/table/-/table-0.12.2.tgz",
			"integrity": "sha512-tiAmTq6RKHDVER9v589Ajm9/RL+WTF1WschrH6HHVCtil6cfJfTJeJ+MF45+XEzB9fkqy2LfrScAfWxqLjVePA==",
			"dev": true,
			"dependencies": {
				"@lexical/utils": "0.12.2"
			},
			"peerDependencies": {
				"lexical": "0.12.2"
			}
		},
		"node_modules/@lexical/text": {
			"version": "0.12.2",
			"resolved": "https://registry.npmjs.org/@lexical/text/-/text-0.12.2.tgz",
			"integrity": "sha512-HyuIGuQvVi5djJKKBf+jYEBjK+0Eo9cKHf6WS7dlFozuCZvcCQEJkFy2yceWOwIVk+f2kptVQ5uO7aiZHExH2A==",
			"dev": true,
			"peerDependencies": {
				"lexical": "0.12.2"
			}
		},
		"node_modules/@lexical/utils": {
			"version": "0.12.2",
			"resolved": "https://registry.npmjs.org/@lexical/utils/-/utils-0.12.2.tgz",
			"integrity": "sha512-xW4y4l2Yd37+qLwkBvBGyzsKCA9wnh1ljphBJeR2vreT193i2gaIwuku2ZKlER14VHw4192qNJF7vUoAEmwurQ==",
			"dev": true,
			"dependencies": {
				"@lexical/list": "0.12.2",
				"@lexical/selection": "0.12.2",
				"@lexical/table": "0.12.2"
			},
			"peerDependencies": {
				"lexical": "0.12.2"
			}
		},
		"node_modules/@types/prop-types": {
			"version": "15.7.8",
			"resolved": "https://registry.npmjs.org/@types/prop-types/-/prop-types-15.7.8.tgz",
			"integrity": "sha512-kMpQpfZKSCBqltAJwskgePRaYRFukDkm1oItcAbC3gNELR20XIBcN9VRgg4+m8DKsTfkWeA4m4Imp4DDuWy7FQ==",
			"dev": true
		},
		"node_modules/@types/react": {
			"version": "18.2.28",
			"resolved": "https://registry.npmjs.org/@types/react/-/react-18.2.28.tgz",
			"integrity": "sha512-ad4aa/RaaJS3hyGz0BGegdnSRXQBkd1CCYDCdNjBPg90UUpLgo+WlJqb9fMYUxtehmzF3PJaTWqRZjko6BRzBg==",
			"dev": true,
			"dependencies": {
				"@types/prop-types": "*",
				"@types/scheduler": "*",
				"csstype": "^3.0.2"
			}
		},
		"node_modules/@types/scheduler": {
			"version": "0.16.4",
			"resolved": "https://registry.npmjs.org/@types/scheduler/-/scheduler-0.16.4.tgz",
			"integrity": "sha512-2L9ifAGl7wmXwP4v3pN4p2FLhD0O1qsJpvKmNin5VA8+UvNVb447UDaAEV6UdrkA+m/Xs58U1RFps44x6TFsVQ==",
			"dev": true
		},
		"node_modules/csstype": {
			"version": "3.1.2",
			"resolved": "https://registry.npmjs.org/csstype/-/csstype-3.1.2.tgz",
			"integrity": "sha512-I7K1Uu0MBPzaFKg4nI5Q7Vs2t+3gWWW648spaF+Rg7pI9ds18Ugn+lvg4SHczUdKlHI5LWBXyqfS8+DufyBsgQ==",
			"dev": true
		},
		"node_modules/js-tokens": {
			"version": "4.0.0",
			"resolved": "https://registry.npmjs.org/js-tokens/-/js-tokens-4.0.0.tgz",
			"integrity": "sha512-RdJUflcE3cUzKiMqQgsCu06FPu9UdIJO0beYbPhHN4k6apgJtifcoCtT9bcxOpYBtpD2kCM6Sbzg4CausW/PKQ=="
		},
		"node_modules/lexical": {
			"version": "0.12.2",
			"resolved": "https://registry.npmjs.org/lexical/-/lexical-0.12.2.tgz",
			"integrity": "sha512-Kxavd+ETjxtVwG/hvPd6WZfXD44sLOKe9Vlkwxy7lBQ1qZArS+rZfs+u5iXwXe6tX9f2PIM0u3RHsrCEDDE0fw==",
			"dev": true
		},
		"node_modules/loose-envify": {
			"version": "1.4.0",
			"resolved": "https://registry.npmjs.org/loose-envify/-/loose-envify-1.4.0.tgz",
			"integrity": "sha512-lyuxPGr/Wfhrlem2CL/UcnUc1zcqKAImBDzukY7Y5F/yQiNdko6+fRLevlw1HgMySw7f611UIY408EtxRSoK3Q==",
			"dependencies": {
				"js-tokens": "^3.0.0 || ^4.0.0"
			},
			"bin": {
				"loose-envify": "cli.js"
			}
		},
		"node_modules/prismjs": {
			"version": "1.29.0",
			"resolved": "https://registry.npmjs.org/prismjs/-/prismjs-1.29.0.tgz",
			"integrity": "sha512-Kx/1w86q/epKcmte75LNrEoT+lX8pBpavuAbvJWRXar7Hz8jrtF+e3vY751p0R8H9HdArwaCTNDDzHg/ScJK1Q==",
			"dev": true,
			"engines": {
				"node": ">=6"
			}
		},
		"node_modules/react": {
			"version": "18.2.0",
			"resolved": "https://registry.npmjs.org/react/-/react-18.2.0.tgz",
			"integrity": "sha512-/3IjMdb2L9QbBdWiW5e3P2/npwMBaU9mHCSCUzNln0ZCYbcfTsGbTJrU/kGemdH2IWmB2ioZ+zkxtmq6g09fGQ==",
			"dependencies": {
				"loose-envify": "^1.1.0"
			},
			"engines": {
				"node": ">=0.10.0"
			}
		},
		"node_modules/react-icons": {
			"version": "4.11.0",
			"resolved": "https://registry.npmjs.org/react-icons/-/react-icons-4.11.0.tgz",
			"integrity": "sha512-V+4khzYcE5EBk/BvcuYRq6V/osf11ODUM2J8hg2FDSswRrGvqiYUYPRy4OdrWaQOBj4NcpJfmHZLNaD+VH0TyA==",
			"peerDependencies": {
				"react": "*"
			}
		},
		"node_modules/rxjs": {
			"version": "7.8.1",
			"resolved": "https://registry.npmjs.org/rxjs/-/rxjs-7.8.1.tgz",
			"integrity": "sha512-AA3TVj+0A2iuIoQkWEK/tqFjBq2j+6PO6Y0zJcvzLAFhEFIO3HL0vls9hWLncZbAAbK0mar7oZ4V079I/qPMxg==",
			"dependencies": {
				"tslib": "^2.1.0"
			}
		},
		"node_modules/tslib": {
			"version": "2.6.2",
			"resolved": "https://registry.npmjs.org/tslib/-/tslib-2.6.2.tgz",
			"integrity": "sha512-AEYxH93jGFPn/a2iVAwW87VuUIkR1FVUKB77NwMF7nBTDkDrrT/Hpt/IrCJ0QXhW27jTBDcf5ZY7w6RiqTMw2Q=="
		}
	}
}
